
Microsoft Visual Studio Solution File, Format Version 12.00
# Visual Studio 15
Project("{FAE04EC0-301F-11D3-BF4B-00C04F79EFBC}") = "Assembly-CSharp", "Assembly-CSharp.csproj", "{7D78ECE3-0C1E-F799-30D6-CE7F50B9F1D0}"
EndProject
Project("{FAE04EC0-301F-11D3-BF4B-00C04F79EFBC}") = "Assembly-CSharp-firstpass", "Assembly-CSharp-firstpass.csproj", "{3C5C6CF7-5F29-CB54-A267-863103CDFEE0}"
EndProject
Global
	GlobalSection(SolutionConfigurationPlatforms) = preSolution
		Debug|Any CPU = Debug|Any CPU
		Release|Any CPU = Release|Any CPU
	EndGlobalSection
	GlobalSection(ProjectConfigurationPlatforms) = postSolution
		{7D78ECE3-0C1E-F799-30D6-CE7F50B9F1D0}.Debug|Any CPU.ActiveCfg = Debug|Any CPU
		{7D78ECE3-0C1E-F799-30D6-CE7F50B9F1D0}.Debug|Any CPU.Build.0 = Debug|Any CPU
		{7D78ECE3-0C1E-F799-30D6-CE7F50B9F1D0}.Release|Any CPU.ActiveCfg = Release|Any CPU
		{7D78ECE3-0C1E-F799-30D6-CE7F50B9F1D0}.Release|Any CPU.Build.0 = Release|Any CPU
		{3C5C6CF7-5F29-CB54-A267-863103CDFEE0}.Debug|Any CPU.ActiveCfg = Debug|Any CPU
		{3C5C6CF7-5F29-CB54-A267-863103CDFEE0}.Debug|Any CPU.Build.0 = Debug|Any CPU
		{3C5C6CF7-5F29-CB54-A267-863103CDFEE0}.Release|Any CPU.ActiveCfg = Release|Any CPU
		{3C5C6CF7-5F29-CB54-A267-863103CDFEE0}.Release|Any CPU.Build.0 = Release|Any CPU
	EndGlobalSection
	GlobalSection(SolutionProperties) = preSolution
		HideSolutionNode = FALSE
	EndGlobalSection
EndGlobal
